
Microsoft Visual Studio Solution File, Format Version 12.00
# Visual Studio Version 16
VisualStudioVersion = 16.0.31515.178
MinimumVisualStudioVersion = 10.0.40219.1
Project("{9A19103F-16F7-4668-BE54-9A1E7A4F7556}") = "AggregateBase", "AggregateBase\AggregateBase.csproj", "{10BBB02C-C609-4CB4-94D4-4FCA2606A62E}"
EndProject
Project("{9A19103F-16F7-4668-BE54-9A1E7A4F7556}") = "AppModel", "..\AppModel\AppModel\AppModel.csproj", "{25E6EB2D-5436-4B27-99C4-40F84310BAC8}"
EndProject
Project("{FAE04EC0-301F-11D3-BF4B-00C04F79EFBC}") = "UserCommandHandler", "..\UserCommandHandler\UserCommandHandler\UserCommandHandler.csproj", "{12D85C47-7F6F-4B42-8559-312696EB0C41}"
EndProject
Project("{FAE04EC0-301F-11D3-BF4B-00C04F79EFBC}") = "EventCommandHandler", "..\EventCommandHandler\EventCommandHandler\EventCommandHandler.csproj", "{7B7995ED-A342-474F-B3E6-A892F8778180}"
EndProject
Project("{FAE04EC0-301F-11D3-BF4B-00C04F79EFBC}") = "DataQuery", "..\DataQuery\DataQuery\DataQuery.csproj", "{D2AB4C3B-415D-4D24-9C9A-567ECF8DA462}"
EndProject
Global
	GlobalSection(SolutionConfigurationPlatforms) = preSolution
		Debug|Any CPU = Debug|Any CPU
		Release|Any CPU = Release|Any CPU
	EndGlobalSection
	GlobalSection(ProjectConfigurationPlatforms) = postSolution
		{10BBB02C-C609-4CB4-94D4-4FCA2606A62E}.Debug|Any CPU.ActiveCfg = Debug|Any CPU
		{10BBB02C-C609-4CB4-94D4-4FCA2606A62E}.Debug|Any CPU.Build.0 = Debug|Any CPU
		{10BBB02C-C609-4CB4-94D4-4FCA2606A62E}.Release|Any CPU.ActiveCfg = Release|Any CPU
		{10BBB02C-C609-4CB4-94D4-4FCA2606A62E}.Release|Any CPU.Build.0 = Release|Any CPU
		{25E6EB2D-5436-4B27-99C4-40F84310BAC8}.Debug|Any CPU.ActiveCfg = Debug|Any CPU
		{25E6EB2D-5436-4B27-99C4-40F84310BAC8}.Debug|Any CPU.Build.0 = Debug|Any CPU
		{25E6EB2D-5436-4B27-99C4-40F84310BAC8}.Release|Any CPU.ActiveCfg = Release|Any CPU
		{25E6EB2D-5436-4B27-99C4-40F84310BAC8}.Release|Any CPU.Build.0 = Release|Any CPU
		{12D85C47-7F6F-4B42-8559-312696EB0C41}.Debug|Any CPU.ActiveCfg = Debug|Any CPU
		{12D85C47-7F6F-4B42-8559-312696EB0C41}.Debug|Any CPU.Build.0 = Debug|Any CPU
		{12D85C47-7F6F-4B42-8559-312696EB0C41}.Release|Any CPU.ActiveCfg = Release|Any CPU
		{12D85C47-7F6F-4B42-8559-312696EB0C41}.Release|Any CPU.Build.0 = Release|Any CPU
		{7B7995ED-A342-474F-B3E6-A892F8778180}.Debug|Any CPU.ActiveCfg = Debug|Any CPU
		{7B7995ED-A342-474F-B3E6-A892F8778180}.Debug|Any CPU.Build.0 = Debug|Any CPU
		{7B7995ED-A342-474F-B3E6-A892F8778180}.Release|Any CPU.ActiveCfg = Release|Any CPU
		{7B7995ED-A342-474F-B3E6-A892F8778180}.Release|Any CPU.Build.0 = Release|Any CPU
		{D2AB4C3B-415D-4D24-9C9A-567ECF8DA462}.Debug|Any CPU.ActiveCfg = Debug|Any CPU
		{D2AB4C3B-415D-4D24-9C9A-567ECF8DA462}.Debug|Any CPU.Build.0 = Debug|Any CPU
		{D2AB4C3B-415D-4D24-9C9A-567ECF8DA462}.Release|Any CPU.ActiveCfg = Release|Any CPU
		{D2AB4C3B-415D-4D24-9C9A-567ECF8DA462}.Release|Any CPU.Build.0 = Release|Any CPU
	EndGlobalSection
	GlobalSection(SolutionProperties) = preSolution
		HideSolutionNode = FALSE
	EndGlobalSection
	GlobalSection(ExtensibilityGlobals) = postSolution
		SolutionGuid = {950EB484-A46F-4BCB-B46F-F746443285C3}
	EndGlobalSection
EndGlobal
